# THIS IS AN AUTOGENERATED FILE. DO NOT EDIT THIS FILE DIRECTLY.
# yarn lockfile v1


"@types/node@^7.0.21":
  version "7.0.46"
  resolved "https://registry.yarnpkg.com/@types/node/-/node-7.0.46.tgz#c3dedd25558c676b3d6303e51799abb9c3f8f314"

prettier@^1.7.4:
  version "1.7.4"
  resolved "https://registry.yarnpkg.com/prettier/-/prettier-1.7.4.tgz#5e8624ae9363c80f95ec644584ecdf55d74f93fa"

react-native-storage@^0.1.2:
  version "0.1.5"
  resolved "https://registry.yarnpkg.com/react-native-storage/-/react-native-storage-0.1.5.tgz#91d77560e41cc9e62d587b55a21b3d6ebaba5599"

typescript@^2.3.2:
  version "2.5.3"
  resolved "https://registry.yarnpkg.com/typescript/-/typescript-2.5.3.tgz#df3dcdc38f3beb800d4bc322646b04a3f6ca7f0d"
